# THIS IS AN AUTOGENERATED FILE. DO NOT EDIT THIS FILE DIRECTLY.
# yarn lockfile v1


github-buttons@^2.3.0:
  version "2.6.0"
  resolved "https://registry.yarnpkg.com/github-buttons/-/github-buttons-2.6.0.tgz#fa3e031451cee7ba05c3254fa67c73fe783104dc"
  integrity sha512-PPGGL+l9fVc6J6ZtPNRMeVr94+NgFhZTHHz5/nNDGnt7DFeD+QRHKrEBlXNAxupw+gVLfQCUcM+l5SQ2KlqLzA==

react-github-btn@^1.1.1:
  version "1.1.1"
  resolved "https://registry.yarnpkg.com/react-github-btn/-/react-github-btn-1.1.1.tgz#d08f6da1683a7994c54163af240d88ba5efa7057"
  integrity sha512-haORkaENCh9DD953dle49aI/WWAxGauaA2xjbBgmPPvPY0KMvRslswl6TBTiZ8u6pRhLN4k+mXfaKWYnS/o7BQ==
  dependencies:
    github-buttons "^2.3.0"
